
Microsoft Visual Studio Solution File, Format Version 12.00
# Visual Studio Version 17
VisualStudioVersion = 17.2.32526.322
MinimumVisualStudioVersion = 10.0.40219.1
Project("{9A19103F-16F7-4668-BE54-9A1E7A4F7556}") = "WeirdCalendars", "WeirdCalendars.csproj", "{DA7962D4-CE6C-4906-AE8C-5A0B63BB3840}"
EndProject
Project("{9A19103F-16F7-4668-BE54-9A1E7A4F7556}") = "CalendarTester", "..\CalendarTester\CalendarTester.csproj", "{6DADB521-4869-41CF-A419-A33B93C94C50}"
EndProject
Global
	GlobalSection(SolutionConfigurationPlatforms) = preSolution
		Debug|Any CPU = Debug|Any CPU
		Release|Any CPU = Release|Any CPU
	EndGlobalSection
	GlobalSection(ProjectConfigurationPlatforms) = postSolution
		{DA7962D4-CE6C-4906-AE8C-5A0B63BB3840}.Debug|Any CPU.ActiveCfg = Debug|Any CPU
		{DA7962D4-CE6C-4906-AE8C-5A0B63BB3840}.Debug|Any CPU.Build.0 = Debug|Any CPU
		{DA7962D4-CE6C-4906-AE8C-5A0B63BB3840}.Release|Any CPU.ActiveCfg = Release|Any CPU
		{DA7962D4-CE6C-4906-AE8C-5A0B63BB3840}.Release|Any CPU.Build.0 = Release|Any CPU
		{6DADB521-4869-41CF-A419-A33B93C94C50}.Debug|Any CPU.ActiveCfg = Debug|Any CPU
		{6DADB521-4869-41CF-A419-A33B93C94C50}.Debug|Any CPU.Build.0 = Debug|Any CPU
		{6DADB521-4869-41CF-A419-A33B93C94C50}.Release|Any CPU.ActiveCfg = Release|Any CPU
		{6DADB521-4869-41CF-A419-A33B93C94C50}.Release|Any CPU.Build.0 = Release|Any CPU
	EndGlobalSection
	GlobalSection(SolutionProperties) = preSolution
		HideSolutionNode = FALSE
	EndGlobalSection
	GlobalSection(ExtensibilityGlobals) = postSolution
		SolutionGuid = {85430665-FAA7-4145-8098-591DD278335E}
	EndGlobalSection
EndGlobal
